
Microsoft Visual Studio Solution File, Format Version 12.00
# Visual Studio 15
Project("{FAE04EC0-301F-11D3-BF4B-00C04F79EFBC}") = "GildedRoseApp.Console", "GildedRoseApp\GildedRoseApp.console.csproj", "{32EE0966-7182-47C8-849C-0C092049D667}"
EndProject
Project("{2150E333-8FDC-42A3-9474-1A3956D46DE8}") = "src", "src", "{A89DF5F0-03C6-45DF-8507-A223568EDB17}"
EndProject
Project("{FAE04EC0-301F-11D3-BF4B-00C04F79EFBC}") = "GildedRoseApp.Console.Tests", "GildedRoseApp.Console.Tests\GildedRoseApp.Console.Tests.csproj", "{2872B363-A7C6-4F80-9166-4B977A9606B9}"
EndProject
Global
	GlobalSection(SolutionConfigurationPlatforms) = preSolution
		Debug|Any CPU = Debug|Any CPU
		Release|Any CPU = Release|Any CPU
	EndGlobalSection
	GlobalSection(ProjectConfigurationPlatforms) = postSolution
		{32EE0966-7182-47C8-849C-0C092049D667}.Debug|Any CPU.ActiveCfg = Debug|Any CPU
		{32EE0966-7182-47C8-849C-0C092049D667}.Debug|Any CPU.Build.0 = Debug|Any CPU
		{32EE0966-7182-47C8-849C-0C092049D667}.Release|Any CPU.ActiveCfg = Release|Any CPU
		{32EE0966-7182-47C8-849C-0C092049D667}.Release|Any CPU.Build.0 = Release|Any CPU
		{2872B363-A7C6-4F80-9166-4B977A9606B9}.Debug|Any CPU.ActiveCfg = Debug|Any CPU
		{2872B363-A7C6-4F80-9166-4B977A9606B9}.Debug|Any CPU.Build.0 = Debug|Any CPU
		{2872B363-A7C6-4F80-9166-4B977A9606B9}.Release|Any CPU.ActiveCfg = Release|Any CPU
		{2872B363-A7C6-4F80-9166-4B977A9606B9}.Release|Any CPU.Build.0 = Release|Any CPU
	EndGlobalSection
	GlobalSection(NestedProjects) = preSolution
		{32EE0966-7182-47C8-849C-0C092049D667} = {A89DF5F0-03C6-45DF-8507-A223568EDB17}
		{2872B363-A7C6-4F80-9166-4B977A9606B9} = {A89DF5F0-03C6-45DF-8507-A223568EDB17}
	EndGlobalSection
EndGlobal
